
Microsoft Visual Studio Solution File, Format Version 12.00
# Visual Studio 2012
Project("{FAE04EC0-301F-11D3-BF4B-00C04F79EFBC}") = "ComicLogScraping", "ComicLogScraping\ComicLogScraping.csproj", "{05A47A64-2413-44A3-A8F3-E8B336B0911F}"
EndProject
Global
	GlobalSection(SolutionConfigurationPlatforms) = preSolution
		Debug|Any CPU = Debug|Any CPU
		Release|Any CPU = Release|Any CPU
	EndGlobalSection
	GlobalSection(ProjectConfigurationPlatforms) = postSolution
		{05A47A64-2413-44A3-A8F3-E8B336B0911F}.Debug|Any CPU.ActiveCfg = Debug|Any CPU
		{05A47A64-2413-44A3-A8F3-E8B336B0911F}.Debug|Any CPU.Build.0 = Debug|Any CPU
		{05A47A64-2413-44A3-A8F3-E8B336B0911F}.Release|Any CPU.ActiveCfg = Release|Any CPU
		{05A47A64-2413-44A3-A8F3-E8B336B0911F}.Release|Any CPU.Build.0 = Release|Any CPU
	EndGlobalSection
	GlobalSection(SolutionProperties) = preSolution
		HideSolutionNode = FALSE
	EndGlobalSection
EndGlobal
